// !$*UTF8*$!
{
	archiveVersion = 1;
	classes = {
	};
	objectVersion = 50;
	objects = {

/* Begin PBXBuildFile section */
		1137C17721307EEA00CC72AA /* NewsController.swift in Sources */ = {isa = PBXBuildFile; fileRef = 1137C17621307EEA00CC72AA /* NewsController.swift */; };
		1137C17921307F2200CC72AA /* NewsCell.swift in Sources */ = {isa = PBXBuildFile; fileRef = 1137C17821307F2200CC72AA /* NewsCell.swift */; };
		1137C17C21307F7700CC72AA /* MyFriendsController.swift in Sources */ = {isa = PBXBuildFile; fileRef = 1137C17B21307F7700CC72AA /* MyFriendsController.swift */; };
		1137C17E21307FAB00CC72AA /* MyFriendsCell.swift in Sources */ = {isa = PBXBuildFile; fileRef = 1137C17D21307FAB00CC72AA /* MyFriendsCell.swift */; };
		1137C1812130803900CC72AA /* FriendsPhotoController.swift in Sources */ = {isa = PBXBuildFile; fileRef = 1137C1802130803900CC72AA /* FriendsPhotoController.swift */; };
		1137C1832130805C00CC72AA /* FriendsPhotoCell.swift in Sources */ = {isa = PBXBuildFile; fileRef = 1137C1822130805C00CC72AA /* FriendsPhotoCell.swift */; };
		1137C186213080F200CC72AA /* MyGroupsController.swift in Sources */ = {isa = PBXBuildFile; fileRef = 1137C185213080F200CC72AA /* MyGroupsController.swift */; };
		1137C1882130811400CC72AA /* MyGroupsCell.swift in Sources */ = {isa = PBXBuildFile; fileRef = 1137C1872130811400CC72AA /* MyGroupsCell.swift */; };
		1137C18B2130817B00CC72AA /* GroupListController.swift in Sources */ = {isa = PBXBuildFile; fileRef = 1137C18A2130817B00CC72AA /* GroupListController.swift */; };
		1137C18D2130819300CC72AA /* GroupListCell.swift in Sources */ = {isa = PBXBuildFile; fileRef = 1137C18C2130819300CC72AA /* GroupListCell.swift */; };
		119380DF213017530046E80B /* AppDelegate.swift in Sources */ = {isa = PBXBuildFile; fileRef = 119380DE213017530046E80B /* AppDelegate.swift */; };
		119380E1213017530046E80B /* LoginViewController.swift in Sources */ = {isa = PBXBuildFile; fileRef = 119380E0213017530046E80B /* LoginViewController.swift */; };
		119380E4213017530046E80B /* Main.storyboard in Resources */ = {isa = PBXBuildFile; fileRef = 119380E2213017530046E80B /* Main.storyboard */; };
		119380E6213017550046E80B /* Assets.xcassets in Resources */ = {isa = PBXBuildFile; fileRef = 119380E5213017550046E80B /* Assets.xcassets */; };
		119380E9213017550046E80B /* LaunchScreen.storyboard in Resources */ = {isa = PBXBuildFile; fileRef = 119380E7213017550046E80B /* LaunchScreen.storyboard */; };
/* End PBXBuildFile section */

/* Begin PBXFileReference section */
		1137C17621307EEA00CC72AA /* NewsController.swift */ = {isa = PBXFileReference; lastKnownFileType = sourcecode.swift; path = NewsController.swift; sourceTree = "<group>"; };
		1137C17821307F2200CC72AA /* NewsCell.swift */ = {isa = PBXFileReference; lastKnownFileType = sourcecode.swift; path = NewsCell.swift; sourceTree = "<group>"; };
		1137C17B21307F7700CC72AA /* MyFriendsController.swift */ = {isa = PBXFileReference; lastKnownFileType = sourcecode.swift; path = MyFriendsController.swift; sourceTree = "<group>"; };
		1137C17D21307FAB00CC72AA /* MyFriendsCell.swift */ = {isa = PBXFileReference; lastKnownFileType = sourcecode.swift; path = MyFriendsCell.swift; sourceTree = "<group>"; };
		1137C1802130803900CC72AA /* FriendsPhotoController.swift */ = {isa = PBXFileReference; lastKnownFileType = sourcecode.swift; path = FriendsPhotoController.swift; sourceTree = "<group>"; };
		1137C1822130805C00CC72AA /* FriendsPhotoCell.swift */ = {isa = PBXFileReference; lastKnownFileType = sourcecode.swift; path = FriendsPhotoCell.swift; sourceTree = "<group>"; };
		1137C185213080F200CC72AA /* MyGroupsController.swift */ = {isa = PBXFileReference; lastKnownFileType = sourcecode.swift; path = MyGroupsController.swift; sourceTree = "<group>"; };
		1137C1872130811400CC72AA /* MyGroupsCell.swift */ = {isa = PBXFileReference; lastKnownFileType = sourcecode.swift; path = MyGroupsCell.swift; sourceTree = "<group>"; };
		1137C18A2130817B00CC72AA /* GroupListController.swift */ = {isa = PBXFileReference; lastKnownFileType = sourcecode.swift; path = GroupListController.swift; sourceTree = "<group>"; };
		1137C18C2130819300CC72AA /* GroupListCell.swift */ = {isa = PBXFileReference; lastKnownFileType = sourcecode.swift; path = GroupListCell.swift; sourceTree = "<group>"; };
		119380DB213017530046E80B /* VKclient.app */ = {isa = PBXFileReference; explicitFileType = wrapper.application; includeInIndex = 0; path = VKclient.app; sourceTree = BUILT_PRODUCTS_DIR; };
		119380DE213017530046E80B /* AppDelegate.swift */ = {isa = PBXFileReference; lastKnownFileType = sourcecode.swift; path = AppDelegate.swift; sourceTree = "<group>"; };
		119380E0213017530046E80B /* LoginViewController.swift */ = {isa = PBXFileReference; lastKnownFileType = sourcecode.swift; path = LoginViewController.swift; sourceTree = "<group>"; };
		119380E3213017530046E80B /* Base */ = {isa = PBXFileReference; lastKnownFileType = file.storyboard; name = Base; path = Base.lproj/Main.storyboard; sourceTree = "<group>"; };
		119380E5213017550046E80B /* Assets.xcassets */ = {isa = PBXFileReference; lastKnownFileType = folder.assetcatalog; path = Assets.xcassets; sourceTree = "<group>"; };
		119380E8213017550046E80B /* Base */ = {isa = PBXFileReference; lastKnownFileType = file.storyboard; name = Base; path = Base.lproj/LaunchScreen.storyboard; sourceTree = "<group>"; };
		119380EA213017560046E80B /* Info.plist */ = {isa = PBXFileReference; lastKnownFileType = text.plist.xml; path = Info.plist; sourceTree = "<group>"; };
/* End PBXFileReference section */

/* Begin PBXFrameworksBuildPhase section */
		119380D8213017530046E80B /* Frameworks */ = {
			isa = PBXFrameworksBuildPhase;
			buildActionMask = 2147483647;
			files = (
			);
			runOnlyForDeploymentPostprocessing = 0;
		};
/* End PBXFrameworksBuildPhase section */

/* Begin PBXGroup section */
		1137C17521307EC000CC72AA /* News */ = {
			isa = PBXGroup;
			children = (
				1137C17621307EEA00CC72AA /* NewsController.swift */,
				1137C17821307F2200CC72AA /* NewsCell.swift */,
			);
			path = News;
			sourceTree = "<group>";
		};
		1137C17A21307F5200CC72AA /* MyFriends */ = {
			isa = PBXGroup;
			children = (
				1137C17B21307F7700CC72AA /* MyFriendsController.swift */,
				1137C17D21307FAB00CC72AA /* MyFriendsCell.swift */,
			);
			path = MyFriends;
			sourceTree = "<group>";
		};
		1137C17F21307FCC00CC72AA /* FriendsPhoto */ = {
			isa = PBXGroup;
			children = (
				1137C1802130803900CC72AA /* FriendsPhotoController.swift */,
				1137C1822130805C00CC72AA /* FriendsPhotoCell.swift */,
			);
			path = FriendsPhoto;
			sourceTree = "<group>";
		};
		1137C184213080B300CC72AA /* MyGroups */ = {
			isa = PBXGroup;
			children = (
				1137C185213080F200CC72AA /* MyGroupsController.swift */,
				1137C1872130811400CC72AA /* MyGroupsCell.swift */,
			);
			path = MyGroups;
			sourceTree = "<group>";
		};
		1137C1892130813700CC72AA /* GroupList */ = {
			isa = PBXGroup;
			children = (
				1137C18A2130817B00CC72AA /* GroupListController.swift */,
				1137C18C2130819300CC72AA /* GroupListCell.swift */,
			);
			path = GroupList;
			sourceTree = "<group>";
		};
		119380D2213017530046E80B = {
			isa = PBXGroup;
			children = (
				119380DD213017530046E80B /* VKclient */,
				119380DC213017530046E80B /* Products */,
			);
			sourceTree = "<group>";
		};
		119380DC213017530046E80B /* Products */ = {
			isa = PBXGroup;
			children = (
				119380DB213017530046E80B /* VKclient.app */,
			);
			name = Products;
			sourceTree = "<group>";
		};
		119380DD213017530046E80B /* VKclient */ = {
			isa = PBXGroup;
			children = (
				1137C1892130813700CC72AA /* GroupList */,
				1137C184213080B300CC72AA /* MyGroups */,
				1137C17F21307FCC00CC72AA /* FriendsPhoto */,
				1137C17A21307F5200CC72AA /* MyFriends */,
				1137C17521307EC000CC72AA /* News */,
				119380DE213017530046E80B /* AppDelegate.swift */,
				119380E0213017530046E80B /* LoginViewController.swift */,
				119380E2213017530046E80B /* Main.storyboard */,
				119380E5213017550046E80B /* Assets.xcassets */,
				119380E7213017550046E80B /* LaunchScreen.storyboard */,
				119380EA213017560046E80B /* Info.plist */,
			);
			path = VKclient;
			sourceTree = "<group>";
		};
/* End PBXGroup section */

/* Begin PBXNativeTarget section */
		119380DA213017530046E80B /* VKclient */ = {
			isa = PBXNativeTarget;
			buildConfigurationList = 119380ED213017560046E80B /* Build configuration list for PBXNativeTarget "VKclient" */;
			buildPhases = (
				119380D7213017530046E80B /* Sources */,
				119380D8213017530046E80B /* Frameworks */,
				119380D9213017530046E80B /* Resources */,
			);
			buildRules = (
			);
			dependencies = (
			);
			name = VKclient;
			productName = VKclient;
			productReference = 119380DB213017530046E80B /* VKclient.app */;
			productType = "com.apple.product-type.application";
		};
/* End PBXNativeTarget section */

/* Begin PBXProject section */
		119380D3213017530046E80B /* Project object */ = {
			isa = PBXProject;
			attributes = {
				LastSwiftUpdateCheck = 0940;
				LastUpgradeCheck = 0940;
				ORGANIZATIONNAME = "Никита Латышев";
				TargetAttributes = {
					119380DA213017530046E80B = {
						CreatedOnToolsVersion = 9.4.1;
					};
				};
			};
			buildConfigurationList = 119380D6213017530046E80B /* Build configuration list for PBXProject "VKclient" */;
			compatibilityVersion = "Xcode 9.3";
			developmentRegion = en;
			hasScannedForEncodings = 0;
			knownRegions = (
				en,
				Base,
			);
			mainGroup = 119380D2213017530046E80B;
			productRefGroup = 119380DC213017530046E80B /* Products */;
			projectDirPath = "";
			projectRoot = "";
			targets = (
				119380DA213017530046E80B /* VKclient */,
			);
		};
/* End PBXProject section */

/* Begin PBXResourcesBuildPhase section */
		119380D9213017530046E80B /* Resources */ = {
			isa = PBXResourcesBuildPhase;
			buildActionMask = 2147483647;
			files = (
				119380E9213017550046E80B /* LaunchScreen.storyboard in Resources */,
				119380E6213017550046E80B /* Assets.xcassets in Resources */,
				119380E4213017530046E80B /* Main.storyboard in Resources */,
			);
			runOnlyForDeploymentPostprocessing = 0;
		};
/* End PBXResourcesBuildPhase section */

/* Begin PBXSourcesBuildPhase section */
		119380D7213017530046E80B /* Sources */ = {
			isa = PBXSourcesBuildPhase;
			buildActionMask = 2147483647;
			files = (
				1137C17721307EEA00CC72AA /* NewsController.swift in Sources */,
				1137C18B2130817B00CC72AA /* GroupListController.swift in Sources */,
				1137C1812130803900CC72AA /* FriendsPhotoController.swift in Sources */,
				1137C17E21307FAB00CC72AA /* MyFriendsCell.swift in Sources */,
				119380E1213017530046E80B /* LoginViewController.swift in Sources */,
				1137C186213080F200CC72AA /* MyGroupsController.swift in Sources */,
				1137C17C21307F7700CC72AA /* MyFriendsController.swift in Sources */,
				1137C18D2130819300CC72AA /* GroupListCell.swift in Sources */,
				1137C17921307F2200CC72AA /* NewsCell.swift in Sources */,
				1137C1882130811400CC72AA /* MyGroupsCell.swift in Sources */,
				1137C1832130805C00CC72AA /* FriendsPhotoCell.swift in Sources */,
				119380DF213017530046E80B /* AppDelegate.swift in Sources */,
			);
			runOnlyForDeploymentPostprocessing = 0;
		};
/* End PBXSourcesBuildPhase section */

/* Begin PBXVariantGroup section */
		119380E2213017530046E80B /* Main.storyboard */ = {
			isa = PBXVariantGroup;
			children = (
				119380E3213017530046E80B /* Base */,
			);
			name = Main.storyboard;
			sourceTree = "<group>";
		};
		119380E7213017550046E80B /* LaunchScreen.storyboard */ = {
			isa = PBXVariantGroup;
			children = (
				119380E8213017550046E80B /* Base */,
			);
			name = LaunchScreen.storyboard;
			sourceTree = "<group>";
		};
/* End PBXVariantGroup section */

/* Begin XCBuildConfiguration section */
		119380EB213017560046E80B /* Debug */ = {
			isa = XCBuildConfiguration;
			buildSettings = {
				ALWAYS_SEARCH_USER_PATHS = NO;
				CLANG_ANALYZER_NONNULL = YES;
				CLANG_ANALYZER_NUMBER_OBJECT_CONVERSION = YES_AGGRESSIVE;
				CLANG_CXX_LANGUAGE_STANDARD = "gnu++14";
				CLANG_CXX_LIBRARY = "libc++";
				CLANG_ENABLE_MODULES = YES;
				CLANG_ENABLE_OBJC_ARC = YES;
				CLANG_ENABLE_OBJC_WEAK = YES;
				CLANG_WARN_BLOCK_CAPTURE_AUTORELEASING = YES;
				CLANG_WARN_BOOL_CONVERSION = YES;
				CLANG_WARN_COMMA = YES;
				CLANG_WARN_CONSTANT_CONVERSION = YES;
				CLANG_WARN_DEPRECATED_OBJC_IMPLEMENTATIONS = YES;
				CLANG_WARN_DIRECT_OBJC_ISA_USAGE = YES_ERROR;
				CLANG_WARN_DOCUMENTATION_COMMENTS = YES;
				CLANG_WARN_EMPTY_BODY = YES;
				CLANG_WARN_ENUM_CONVERSION = YES;
				CLANG_WARN_INFINITE_RECURSION = YES;
				CLANG_WARN_INT_CONVERSION = YES;
				CLANG_WARN_NON_LITERAL_NULL_CONVERSION = YES;
				CLANG_WARN_OBJC_IMPLICIT_RETAIN_SELF = YES;
				CLANG_WARN_OBJC_LITERAL_CONVERSION = YES;
				CLANG_WARN_OBJC_ROOT_CLASS = YES_ERROR;
				CLANG_WARN_RANGE_LOOP_ANALYSIS = YES;
				CLANG_WARN_STRICT_PROTOTYPES = YES;
				CLANG_WARN_SUSPICIOUS_MOVE = YES;
				CLANG_WARN_UNGUARDED_AVAILABILITY = YES_AGGRESSIVE;
				CLANG_WARN_UNREACHABLE_CODE = YES;
				CLANG_WARN__DUPLICATE_METHOD_MATCH = YES;
				CODE_SIGN_IDENTITY = "iPhone Developer";
				COPY_PHASE_STRIP = NO;
				DEBUG_INFORMATION_FORMAT = dwarf;
				ENABLE_STRICT_OBJC_MSGSEND = YES;
				ENABLE_TESTABILITY = YES;
				GCC_C_LANGUAGE_STANDARD = gnu11;
				GCC_DYNAMIC_NO_PIC = NO;
				GCC_NO_COMMON_BLOCKS = YES;
				GCC_OPTIMIZATION_LEVEL = 0;
				GCC_PREPROCESSOR_DEFINITIONS = (
					"DEBUG=1",
					"$(inherited)",
				);
				GCC_WARN_64_TO_32_BIT_CONVERSION = YES;
				GCC_WARN_ABOUT_RETURN_TYPE = YES_ERROR;
				GCC_WARN_UNDECLARED_SELECTOR = YES;
				GCC_WARN_UNINITIALIZED_AUTOS = YES_AGGRESSIVE;
				GCC_WARN_UNUSED_FUNCTION = YES;
				GCC_WARN_UNUSED_VARIABLE = YES;
				IPHONEOS_DEPLOYMENT_TARGET = 11.4;
				MTL_ENABLE_DEBUG_INFO = YES;
				ONLY_ACTIVE_ARCH = YES;
				SDKROOT = iphoneos;
				SWIFT_ACTIVE_COMPILATION_CONDITIONS = DEBUG;
				SWIFT_OPTIMIZATION_LEVEL = "-Onone";
			};
			name = Debug;
		};
		119380EC213017560046E80B /* Release */ = {
			isa = XCBuildConfiguration;
			buildSettings = {
				ALWAYS_SEARCH_USER_PATHS = NO;
				CLANG_ANALYZER_NONNULL = YES;
				CLANG_ANALYZER_NUMBER_OBJECT_CONVERSION = YES_AGGRESSIVE;
				CLANG_CXX_LANGUAGE_STANDARD = "gnu++14";
				CLANG_CXX_LIBRARY = "libc++";
				CLANG_ENABLE_MODULES = YES;
				CLANG_ENABLE_OBJC_ARC = YES;
				CLANG_ENABLE_OBJC_WEAK = YES;
				CLANG_WARN_BLOCK_CAPTURE_AUTORELEASING = YES;
				CLANG_WARN_BOOL_CONVERSION = YES;
				CLANG_WARN_COMMA = YES;
				CLANG_WARN_CONSTANT_CONVERSION = YES;
				CLANG_WARN_DEPRECATED_OBJC_IMPLEMENTATIONS = YES;
				CLANG_WARN_DIRECT_OBJC_ISA_USAGE = YES_ERROR;
				CLANG_WARN_DOCUMENTATION_COMMENTS = YES;
				CLANG_WARN_EMPTY_BODY = YES;
				CLANG_WARN_ENUM_CONVERSION = YES;
				CLANG_WARN_INFINITE_RECURSION = YES;
				CLANG_WARN_INT_CONVERSION = YES;
				CLANG_WARN_NON_LITERAL_NULL_CONVERSION = YES;
				CLANG_WARN_OBJC_IMPLICIT_RETAIN_SELF = YES;
				CLANG_WARN_OBJC_LITERAL_CONVERSION = YES;
				CLANG_WARN_OBJC_ROOT_CLASS = YES_ERROR;
				CLANG_WARN_RANGE_LOOP_ANALYSIS = YES;
				CLANG_WARN_STRICT_PROTOTYPES = YES;
				CLANG_WARN_SUSPICIOUS_MOVE = YES;
				CLANG_WARN_UNGUARDED_AVAILABILITY = YES_AGGRESSIVE;
				CLANG_WARN_UNREACHABLE_CODE = YES;
				CLANG_WARN__DUPLICATE_METHOD_MATCH = YES;
				CODE_SIGN_IDENTITY = "iPhone Developer";
				COPY_PHASE_STRIP = NO;
				DEBUG_INFORMATION_FORMAT = "dwarf-with-dsym";
				ENABLE_NS_ASSERTIONS = NO;
				ENABLE_STRICT_OBJC_MSGSEND = YES;
				GCC_C_LANGUAGE_STANDARD = gnu11;
				GCC_NO_COMMON_BLOCKS = YES;
				GCC_WARN_64_TO_32_BIT_CONVERSION = YES;
				GCC_WARN_ABOUT_RETURN_TYPE = YES_ERROR;
				GCC_WARN_UNDECLARED_SELECTOR = YES;
				GCC_WARN_UNINITIALIZED_AUTOS = YES_AGGRESSIVE;
				GCC_WARN_UNUSED_FUNCTION = YES;
				GCC_WARN_UNUSED_VARIABLE = YES;
				IPHONEOS_DEPLOYMENT_TARGET = 11.4;
				MTL_ENABLE_DEBUG_INFO = NO;
				SDKROOT = iphoneos;
				SWIFT_COMPILATION_MODE = wholemodule;
				SWIFT_OPTIMIZATION_LEVEL = "-O";
				VALIDATE_PRODUCT = YES;
			};
			name = Release;
		};
		119380EE213017560046E80B /* Debug */ = {
			isa = XCBuildConfiguration;
			buildSettings = {
				ASSETCATALOG_COMPILER_APPICON_NAME = AppIcon;
				CODE_SIGN_STYLE = Automatic;
				INFOPLIST_FILE = VKclient/Info.plist;
				LD_RUNPATH_SEARCH_PATHS = (
					"$(inherited)",
					"@executable_path/Frameworks",
				);
				PRODUCT_BUNDLE_IDENTIFIER = Catorse.VKclient;
				PRODUCT_NAME = "$(TARGET_NAME)";
				SWIFT_VERSION = 4.0;
				TARGETED_DEVICE_FAMILY = "1,2";
			};
			name = Debug;
		};
		119380EF213017560046E80B /* Release */ = {
			isa = XCBuildConfiguration;
			buildSettings = {
				ASSETCATALOG_COMPILER_APPICON_NAME = AppIcon;
				CODE_SIGN_STYLE = Automatic;
				INFOPLIST_FILE = VKclient/Info.plist;
				LD_RUNPATH_SEARCH_PATHS = (
					"$(inherited)",
					"@executable_path/Frameworks",
				);
				PRODUCT_BUNDLE_IDENTIFIER = Catorse.VKclient;
				PRODUCT_NAME = "$(TARGET_NAME)";
				SWIFT_VERSION = 4.0;
				TARGETED_DEVICE_FAMILY = "1,2";
			};
			name = Release;
		};
/* End XCBuildConfiguration section */

/* Begin XCConfigurationList section */
		119380D6213017530046E80B /* Build configuration list for PBXProject "VKclient" */ = {
			isa = XCConfigurationList;
			buildConfigurations = (
				119380EB213017560046E80B /* Debug */,
				119380EC213017560046E80B /* Release */,
			);
			defaultConfigurationIsVisible = 0;
			defaultConfigurationName = Release;
		};
		119380ED213017560046E80B /* Build configuration list for PBXNativeTarget "VKclient" */ = {
			isa = XCConfigurationList;
			buildConfigurations = (
				119380EE213017560046E80B /* Debug */,
				119380EF213017560046E80B /* Release */,
			);
			defaultConfigurationIsVisible = 0;
			defaultConfigurationName = Release;
		};
/* End XCConfigurationList section */
	};
	rootObject = 119380D3213017530046E80B /* Project object */;
}
